
Microsoft Visual Studio Solution File, Format Version 12.00
# Visual Studio Version 17
VisualStudioVersion = 17.6.33829.357
MinimumVisualStudioVersion = 10.0.40219.1
Project("{FAE04EC0-301F-11D3-BF4B-00C04F79EFBC}") = "SectionReportApplication1", "SectionReportApplication1\SectionReportApplication1.csproj", "{AF1300EE-8C5D-461D-BA31-2FC8299CF613}"
EndProject
Project("{FAE04EC0-301F-11D3-BF4B-00C04F79EFBC}") = "WinFormsApp1", "WinFormsApp1\WinFormsApp1.csproj", "{A0831BE2-14B0-4D2D-84FF-97217737181E}"
EndProject
Global
	GlobalSection(SolutionConfigurationPlatforms) = preSolution
		Debug|Any CPU = Debug|Any CPU
		Release|Any CPU = Release|Any CPU
	EndGlobalSection
	GlobalSection(ProjectConfigurationPlatforms) = postSolution
		{AF1300EE-8C5D-461D-BA31-2FC8299CF613}.Debug|Any CPU.ActiveCfg = Debug|Any CPU
		{AF1300EE-8C5D-461D-BA31-2FC8299CF613}.Debug|Any CPU.Build.0 = Debug|Any CPU
		{AF1300EE-8C5D-461D-BA31-2FC8299CF613}.Release|Any CPU.ActiveCfg = Release|Any CPU
		{AF1300EE-8C5D-461D-BA31-2FC8299CF613}.Release|Any CPU.Build.0 = Release|Any CPU
		{A0831BE2-14B0-4D2D-84FF-97217737181E}.Debug|Any CPU.ActiveCfg = Debug|Any CPU
		{A0831BE2-14B0-4D2D-84FF-97217737181E}.Debug|Any CPU.Build.0 = Debug|Any CPU
		{A0831BE2-14B0-4D2D-84FF-97217737181E}.Release|Any CPU.ActiveCfg = Release|Any CPU
		{A0831BE2-14B0-4D2D-84FF-97217737181E}.Release|Any CPU.Build.0 = Release|Any CPU
	EndGlobalSection
	GlobalSection(SolutionProperties) = preSolution
		HideSolutionNode = FALSE
	EndGlobalSection
	GlobalSection(ExtensibilityGlobals) = postSolution
		SolutionGuid = {11A95C8A-ADEC-4791-9791-E4DB342AE261}
	EndGlobalSection
EndGlobal
