
Microsoft Visual Studio Solution File, Format Version 12.00
# Visual Studio Version 16
VisualStudioVersion = 16.0.32802.440
MinimumVisualStudioVersion = 10.0.40219.1
Project("{9A19103F-16F7-4668-BE54-9A1E7A4F7556}") = "InHouseProduct", "InHouseProduct\InHouseProduct.csproj", "{10C59127-32BB-4AAE-BA4C-91B6138CA1B4}"
EndProject
Project("{9A19103F-16F7-4668-BE54-9A1E7A4F7556}") = "ThirdPartyProducts", "ThirdPartyProducts_Strub\ThirdPartyProducts.csproj", "{AA135B0D-BAC1-4590-96E8-B9C65D49F65D}"
EndProject
Global
	GlobalSection(SolutionConfigurationPlatforms) = preSolution
		Debug|Any CPU = Debug|Any CPU
		Release|Any CPU = Release|Any CPU
	EndGlobalSection
	GlobalSection(ProjectConfigurationPlatforms) = postSolution
		{10C59127-32BB-4AAE-BA4C-91B6138CA1B4}.Debug|Any CPU.ActiveCfg = Debug|Any CPU
		{10C59127-32BB-4AAE-BA4C-91B6138CA1B4}.Debug|Any CPU.Build.0 = Debug|Any CPU
		{10C59127-32BB-4AAE-BA4C-91B6138CA1B4}.Release|Any CPU.ActiveCfg = Release|Any CPU
		{10C59127-32BB-4AAE-BA4C-91B6138CA1B4}.Release|Any CPU.Build.0 = Release|Any CPU
		{AA135B0D-BAC1-4590-96E8-B9C65D49F65D}.Debug|Any CPU.ActiveCfg = Debug|Any CPU
		{AA135B0D-BAC1-4590-96E8-B9C65D49F65D}.Debug|Any CPU.Build.0 = Debug|Any CPU
		{AA135B0D-BAC1-4590-96E8-B9C65D49F65D}.Release|Any CPU.ActiveCfg = Release|Any CPU
		{AA135B0D-BAC1-4590-96E8-B9C65D49F65D}.Release|Any CPU.Build.0 = Release|Any CPU
	EndGlobalSection
	GlobalSection(SolutionProperties) = preSolution
		HideSolutionNode = FALSE
	EndGlobalSection
	GlobalSection(ExtensibilityGlobals) = postSolution
		SolutionGuid = {5674779C-E7A5-428C-9317-B0BAF65E1E89}
	EndGlobalSection
EndGlobal
